
Microsoft Visual Studio Solution File, Format Version 12.00
# Visual Studio Version 17
VisualStudioVersion = 17.0.31903.59
MinimumVisualStudioVersion = 10.0.40219.1
Project("{2150E333-8FDC-42A3-9474-1A3956D46DE8}") = "src", "src", "{827E0CD3-B72D-47B6-A68D-7590B98EB39B}"
EndProject
Project("{FAE04EC0-301F-11D3-BF4B-00C04F79EFBC}") = "Flare.AppHost", "src\Flare.AppHost\Flare.AppHost.csproj", "{9B6FA8D7-FD5C-4746-A653-315113F3B6A0}"
EndProject
Project("{FAE04EC0-301F-11D3-BF4B-00C04F79EFBC}") = "Flare.Ingest", "src\Flare.Ingest\Flare.Ingest.csproj", "{08A4A637-29B4-45A7-A23C-8A871A1EEFAC}"
EndProject
Project("{FAE04EC0-301F-11D3-BF4B-00C04F79EFBC}") = "Flare.ServiceDefaults", "src\Flare.ServiceDefaults\Flare.ServiceDefaults.csproj", "{51FF6358-4045-425A-9FA8-C753D43EFEB0}"
EndProject
Project("{FAE04EC0-301F-11D3-BF4B-00C04F79EFBC}") = "Flare.Ingest.Tests", "src\Flare.Ingest.Tests\Flare.Ingest.Tests.csproj", "{DBEF4B6C-54D2-4AE6-8668-720E5CC8213E}"
EndProject
Project("{FAE04EC0-301F-11D3-BF4B-00C04F79EFBC}") = "Flare.Api", "src\Flare.Api\Flare.Api.csproj", "{DFC6673F-2E92-41F5-91FA-461987C85123}"
EndProject
Project("{FAE04EC0-301F-11D3-BF4B-00C04F79EFBC}") = "Flare.Api.Tests", "src\Flare.Api.Tests\Flare.Api.Tests.csproj", "{4CD561CA-EC73-4B93-A40C-C575AF34CFCF}"
EndProject
Project("{FAE04EC0-301F-11D3-BF4B-00C04F79EFBC}") = "Aspire.Hosting.Flare", "src\Aspire.Hosting.Flare\Aspire.Hosting.Flare.csproj", "{81D79372-2AD1-4A88-9FD6-666A9F312BC1}"
EndProject
Project("{FAE04EC0-301F-11D3-BF4B-00C04F79EFBC}") = "Aspire.Flare", "src\Aspire.Flare\Aspire.Flare.csproj", "{9EB7A6B9-7FEB-4F2F-A483-D57A95AB9478}"
EndProject
Project("{2150E333-8FDC-42A3-9474-1A3956D46DE8}") = "examples", "examples", "{B36A84DF-456D-A817-6EDD-3EC3E7F6E11F}"
EndProject
Project("{FAE04EC0-301F-11D3-BF4B-00C04F79EFBC}") = "ExampleApp.AppHost", "examples\ExampleApp.AppHost\ExampleApp.AppHost.csproj", "{5C8B39C1-0F84-4F17-A919-8593930A6653}"
EndProject
Project("{FAE04EC0-301F-11D3-BF4B-00C04F79EFBC}") = "ExampleApp.LogGenerator", "examples\ExampleApp.LogGenerator\ExampleApp.LogGenerator.csproj", "{09F6FC5C-24E8-4FF8-BB6D-A2DBCEE7AFAA}"
EndProject
Global
	GlobalSection(SolutionConfigurationPlatforms) = preSolution
		Debug|Any CPU = Debug|Any CPU
		Debug|x64 = Debug|x64
		Debug|x86 = Debug|x86
		Release|Any CPU = Release|Any CPU
		Release|x64 = Release|x64
		Release|x86 = Release|x86
	EndGlobalSection
	GlobalSection(ProjectConfigurationPlatforms) = postSolution
		{9B6FA8D7-FD5C-4746-A653-315113F3B6A0}.Debug|Any CPU.ActiveCfg = Debug|Any CPU
		{9B6FA8D7-FD5C-4746-A653-315113F3B6A0}.Debug|Any CPU.Build.0 = Debug|Any CPU
		{9B6FA8D7-FD5C-4746-A653-315113F3B6A0}.Debug|x64.ActiveCfg = Debug|Any CPU
		{9B6FA8D7-FD5C-4746-A653-315113F3B6A0}.Debug|x64.Build.0 = Debug|Any CPU
		{9B6FA8D7-FD5C-4746-A653-315113F3B6A0}.Debug|x86.ActiveCfg = Debug|Any CPU
		{9B6FA8D7-FD5C-4746-A653-315113F3B6A0}.Debug|x86.Build.0 = Debug|Any CPU
		{9B6FA8D7-FD5C-4746-A653-315113F3B6A0}.Release|Any CPU.ActiveCfg = Release|Any CPU
		{9B6FA8D7-FD5C-4746-A653-315113F3B6A0}.Release|Any CPU.Build.0 = Release|Any CPU
		{9B6FA8D7-FD5C-4746-A653-315113F3B6A0}.Release|x64.ActiveCfg = Release|Any CPU
		{9B6FA8D7-FD5C-4746-A653-315113F3B6A0}.Release|x64.Build.0 = Release|Any CPU
		{9B6FA8D7-FD5C-4746-A653-315113F3B6A0}.Release|x86.ActiveCfg = Release|Any CPU
		{9B6FA8D7-FD5C-4746-A653-315113F3B6A0}.Release|x86.Build.0 = Release|Any CPU
		{08A4A637-29B4-45A7-A23C-8A871A1EEFAC}.Debug|Any CPU.ActiveCfg = Debug|Any CPU
		{08A4A637-29B4-45A7-A23C-8A871A1EEFAC}.Debug|Any CPU.Build.0 = Debug|Any CPU
		{08A4A637-29B4-45A7-A23C-8A871A1EEFAC}.Debug|x64.ActiveCfg = Debug|Any CPU
		{08A4A637-29B4-45A7-A23C-8A871A1EEFAC}.Debug|x64.Build.0 = Debug|Any CPU
		{08A4A637-29B4-45A7-A23C-8A871A1EEFAC}.Debug|x86.ActiveCfg = Debug|Any CPU
		{08A4A637-29B4-45A7-A23C-8A871A1EEFAC}.Debug|x86.Build.0 = Debug|Any CPU
		{08A4A637-29B4-45A7-A23C-8A871A1EEFAC}.Release|Any CPU.ActiveCfg = Release|Any CPU
		{08A4A637-29B4-45A7-A23C-8A871A1EEFAC}.Release|Any CPU.Build.0 = Release|Any CPU
		{08A4A637-29B4-45A7-A23C-8A871A1EEFAC}.Release|x64.ActiveCfg = Release|Any CPU
		{08A4A637-29B4-45A7-A23C-8A871A1EEFAC}.Release|x64.Build.0 = Release|Any CPU
		{08A4A637-29B4-45A7-A23C-8A871A1EEFAC}.Release|x86.ActiveCfg = Release|Any CPU
		{08A4A637-29B4-45A7-A23C-8A871A1EEFAC}.Release|x86.Build.0 = Release|Any CPU
		{51FF6358-4045-425A-9FA8-C753D43EFEB0}.Debug|Any CPU.ActiveCfg = Debug|Any CPU
		{51FF6358-4045-425A-9FA8-C753D43EFEB0}.Debug|Any CPU.Build.0 = Debug|Any CPU
		{51FF6358-4045-425A-9FA8-C753D43EFEB0}.Debug|x64.ActiveCfg = Debug|Any CPU
		{51FF6358-4045-425A-9FA8-C753D43EFEB0}.Debug|x64.Build.0 = Debug|Any CPU
		{51FF6358-4045-425A-9FA8-C753D43EFEB0}.Debug|x86.ActiveCfg = Debug|Any CPU
		{51FF6358-4045-425A-9FA8-C753D43EFEB0}.Debug|x86.Build.0 = Debug|Any CPU
		{51FF6358-4045-425A-9FA8-C753D43EFEB0}.Release|Any CPU.ActiveCfg = Release|Any CPU
		{51FF6358-4045-425A-9FA8-C753D43EFEB0}.Release|Any CPU.Build.0 = Release|Any CPU
		{51FF6358-4045-425A-9FA8-C753D43EFEB0}.Release|x64.ActiveCfg = Release|Any CPU
		{51FF6358-4045-425A-9FA8-C753D43EFEB0}.Release|x64.Build.0 = Release|Any CPU
		{51FF6358-4045-425A-9FA8-C753D43EFEB0}.Release|x86.ActiveCfg = Release|Any CPU
		{51FF6358-4045-425A-9FA8-C753D43EFEB0}.Release|x86.Build.0 = Release|Any CPU
		{DBEF4B6C-54D2-4AE6-8668-720E5CC8213E}.Debug|Any CPU.ActiveCfg = Debug|Any CPU
		{DBEF4B6C-54D2-4AE6-8668-720E5CC8213E}.Debug|Any CPU.Build.0 = Debug|Any CPU
		{DBEF4B6C-54D2-4AE6-8668-720E5CC8213E}.Debug|x64.ActiveCfg = Debug|Any CPU
		{DBEF4B6C-54D2-4AE6-8668-720E5CC8213E}.Debug|x64.Build.0 = Debug|Any CPU
		{DBEF4B6C-54D2-4AE6-8668-720E5CC8213E}.Debug|x86.ActiveCfg = Debug|Any CPU
		{DBEF4B6C-54D2-4AE6-8668-720E5CC8213E}.Debug|x86.Build.0 = Debug|Any CPU
		{DBEF4B6C-54D2-4AE6-8668-720E5CC8213E}.Release|Any CPU.ActiveCfg = Release|Any CPU
		{DBEF4B6C-54D2-4AE6-8668-720E5CC8213E}.Release|Any CPU.Build.0 = Release|Any CPU
		{DBEF4B6C-54D2-4AE6-8668-720E5CC8213E}.Release|x64.ActiveCfg = Release|Any CPU
		{DBEF4B6C-54D2-4AE6-8668-720E5CC8213E}.Release|x64.Build.0 = Release|Any CPU
		{DBEF4B6C-54D2-4AE6-8668-720E5CC8213E}.Release|x86.ActiveCfg = Release|Any CPU
		{DBEF4B6C-54D2-4AE6-8668-720E5CC8213E}.Release|x86.Build.0 = Release|Any CPU
		{DFC6673F-2E92-41F5-91FA-461987C85123}.Debug|Any CPU.ActiveCfg = Debug|Any CPU
		{DFC6673F-2E92-41F5-91FA-461987C85123}.Debug|Any CPU.Build.0 = Debug|Any CPU
		{DFC6673F-2E92-41F5-91FA-461987C85123}.Debug|x64.ActiveCfg = Debug|Any CPU
		{DFC6673F-2E92-41F5-91FA-461987C85123}.Debug|x64.Build.0 = Debug|Any CPU
		{DFC6673F-2E92-41F5-91FA-461987C85123}.Debug|x86.ActiveCfg = Debug|Any CPU
		{DFC6673F-2E92-41F5-91FA-461987C85123}.Debug|x86.Build.0 = Debug|Any CPU
		{DFC6673F-2E92-41F5-91FA-461987C85123}.Release|Any CPU.ActiveCfg = Release|Any CPU
		{DFC6673F-2E92-41F5-91FA-461987C85123}.Release|Any CPU.Build.0 = Release|Any CPU
		{DFC6673F-2E92-41F5-91FA-461987C85123}.Release|x64.ActiveCfg = Release|Any CPU
		{DFC6673F-2E92-41F5-91FA-461987C85123}.Release|x64.Build.0 = Release|Any CPU
		{DFC6673F-2E92-41F5-91FA-461987C85123}.Release|x86.ActiveCfg = Release|Any CPU
		{DFC6673F-2E92-41F5-91FA-461987C85123}.Release|x86.Build.0 = Release|Any CPU
		{4CD561CA-EC73-4B93-A40C-C575AF34CFCF}.Debug|Any CPU.ActiveCfg = Debug|Any CPU
		{4CD561CA-EC73-4B93-A40C-C575AF34CFCF}.Debug|Any CPU.Build.0 = Debug|Any CPU
		{4CD561CA-EC73-4B93-A40C-C575AF34CFCF}.Debug|x64.ActiveCfg = Debug|Any CPU
		{4CD561CA-EC73-4B93-A40C-C575AF34CFCF}.Debug|x64.Build.0 = Debug|Any CPU
		{4CD561CA-EC73-4B93-A40C-C575AF34CFCF}.Debug|x86.ActiveCfg = Debug|Any CPU
		{4CD561CA-EC73-4B93-A40C-C575AF34CFCF}.Debug|x86.Build.0 = Debug|Any CPU
		{4CD561CA-EC73-4B93-A40C-C575AF34CFCF}.Release|Any CPU.ActiveCfg = Release|Any CPU
		{4CD561CA-EC73-4B93-A40C-C575AF34CFCF}.Release|Any CPU.Build.0 = Release|Any CPU
		{4CD561CA-EC73-4B93-A40C-C575AF34CFCF}.Release|x64.ActiveCfg = Release|Any CPU
		{4CD561CA-EC73-4B93-A40C-C575AF34CFCF}.Release|x64.Build.0 = Release|Any CPU
		{4CD561CA-EC73-4B93-A40C-C575AF34CFCF}.Release|x86.ActiveCfg = Release|Any CPU
		{4CD561CA-EC73-4B93-A40C-C575AF34CFCF}.Release|x86.Build.0 = Release|Any CPU
		{81D79372-2AD1-4A88-9FD6-666A9F312BC1}.Debug|Any CPU.ActiveCfg = Debug|Any CPU
		{81D79372-2AD1-4A88-9FD6-666A9F312BC1}.Debug|Any CPU.Build.0 = Debug|Any CPU
		{81D79372-2AD1-4A88-9FD6-666A9F312BC1}.Debug|x64.ActiveCfg = Debug|Any CPU
		{81D79372-2AD1-4A88-9FD6-666A9F312BC1}.Debug|x64.Build.0 = Debug|Any CPU
		{81D79372-2AD1-4A88-9FD6-666A9F312BC1}.Debug|x86.ActiveCfg = Debug|Any CPU
		{81D79372-2AD1-4A88-9FD6-666A9F312BC1}.Debug|x86.Build.0 = Debug|Any CPU
		{81D79372-2AD1-4A88-9FD6-666A9F312BC1}.Release|Any CPU.ActiveCfg = Release|Any CPU
		{81D79372-2AD1-4A88-9FD6-666A9F312BC1}.Release|Any CPU.Build.0 = Release|Any CPU
		{81D79372-2AD1-4A88-9FD6-666A9F312BC1}.Release|x64.ActiveCfg = Release|Any CPU
		{81D79372-2AD1-4A88-9FD6-666A9F312BC1}.Release|x64.Build.0 = Release|Any CPU
		{81D79372-2AD1-4A88-9FD6-666A9F312BC1}.Release|x86.ActiveCfg = Release|Any CPU
		{81D79372-2AD1-4A88-9FD6-666A9F312BC1}.Release|x86.Build.0 = Release|Any CPU
		{9EB7A6B9-7FEB-4F2F-A483-D57A95AB9478}.Debug|Any CPU.ActiveCfg = Debug|Any CPU
		{9EB7A6B9-7FEB-4F2F-A483-D57A95AB9478}.Debug|Any CPU.Build.0 = Debug|Any CPU
		{9EB7A6B9-7FEB-4F2F-A483-D57A95AB9478}.Debug|x64.ActiveCfg = Debug|Any CPU
		{9EB7A6B9-7FEB-4F2F-A483-D57A95AB9478}.Debug|x64.Build.0 = Debug|Any CPU
		{9EB7A6B9-7FEB-4F2F-A483-D57A95AB9478}.Debug|x86.ActiveCfg = Debug|Any CPU
		{9EB7A6B9-7FEB-4F2F-A483-D57A95AB9478}.Debug|x86.Build.0 = Debug|Any CPU
		{9EB7A6B9-7FEB-4F2F-A483-D57A95AB9478}.Release|Any CPU.ActiveCfg = Release|Any CPU
		{9EB7A6B9-7FEB-4F2F-A483-D57A95AB9478}.Release|Any CPU.Build.0 = Release|Any CPU
		{9EB7A6B9-7FEB-4F2F-A483-D57A95AB9478}.Release|x64.ActiveCfg = Release|Any CPU
		{9EB7A6B9-7FEB-4F2F-A483-D57A95AB9478}.Release|x64.Build.0 = Release|Any CPU
		{9EB7A6B9-7FEB-4F2F-A483-D57A95AB9478}.Release|x86.ActiveCfg = Release|Any CPU
		{9EB7A6B9-7FEB-4F2F-A483-D57A95AB9478}.Release|x86.Build.0 = Release|Any CPU
		{5C8B39C1-0F84-4F17-A919-8593930A6653}.Debug|Any CPU.ActiveCfg = Debug|Any CPU
		{5C8B39C1-0F84-4F17-A919-8593930A6653}.Debug|Any CPU.Build.0 = Debug|Any CPU
		{5C8B39C1-0F84-4F17-A919-8593930A6653}.Debug|x64.ActiveCfg = Debug|Any CPU
		{5C8B39C1-0F84-4F17-A919-8593930A6653}.Debug|x64.Build.0 = Debug|Any CPU
		{5C8B39C1-0F84-4F17-A919-8593930A6653}.Debug|x86.ActiveCfg = Debug|Any CPU
		{5C8B39C1-0F84-4F17-A919-8593930A6653}.Debug|x86.Build.0 = Debug|Any CPU
		{5C8B39C1-0F84-4F17-A919-8593930A6653}.Release|Any CPU.ActiveCfg = Release|Any CPU
		{5C8B39C1-0F84-4F17-A919-8593930A6653}.Release|Any CPU.Build.0 = Release|Any CPU
		{5C8B39C1-0F84-4F17-A919-8593930A6653}.Release|x64.ActiveCfg = Release|Any CPU
		{5C8B39C1-0F84-4F17-A919-8593930A6653}.Release|x64.Build.0 = Release|Any CPU
		{5C8B39C1-0F84-4F17-A919-8593930A6653}.Release|x86.ActiveCfg = Release|Any CPU
		{5C8B39C1-0F84-4F17-A919-8593930A6653}.Release|x86.Build.0 = Release|Any CPU
		{09F6FC5C-24E8-4FF8-BB6D-A2DBCEE7AFAA}.Debug|Any CPU.ActiveCfg = Debug|Any CPU
		{09F6FC5C-24E8-4FF8-BB6D-A2DBCEE7AFAA}.Debug|Any CPU.Build.0 = Debug|Any CPU
		{09F6FC5C-24E8-4FF8-BB6D-A2DBCEE7AFAA}.Debug|x64.ActiveCfg = Debug|Any CPU
		{09F6FC5C-24E8-4FF8-BB6D-A2DBCEE7AFAA}.Debug|x64.Build.0 = Debug|Any CPU
		{09F6FC5C-24E8-4FF8-BB6D-A2DBCEE7AFAA}.Debug|x86.ActiveCfg = Debug|Any CPU
		{09F6FC5C-24E8-4FF8-BB6D-A2DBCEE7AFAA}.Debug|x86.Build.0 = Debug|Any CPU
		{09F6FC5C-24E8-4FF8-BB6D-A2DBCEE7AFAA}.Release|Any CPU.ActiveCfg = Release|Any CPU
		{09F6FC5C-24E8-4FF8-BB6D-A2DBCEE7AFAA}.Release|Any CPU.Build.0 = Release|Any CPU
		{09F6FC5C-24E8-4FF8-BB6D-A2DBCEE7AFAA}.Release|x64.ActiveCfg = Release|Any CPU
		{09F6FC5C-24E8-4FF8-BB6D-A2DBCEE7AFAA}.Release|x64.Build.0 = Release|Any CPU
		{09F6FC5C-24E8-4FF8-BB6D-A2DBCEE7AFAA}.Release|x86.ActiveCfg = Release|Any CPU
		{09F6FC5C-24E8-4FF8-BB6D-A2DBCEE7AFAA}.Release|x86.Build.0 = Release|Any CPU
	EndGlobalSection
	GlobalSection(SolutionProperties) = preSolution
		HideSolutionNode = FALSE
	EndGlobalSection
	GlobalSection(NestedProjects) = preSolution
		{9B6FA8D7-FD5C-4746-A653-315113F3B6A0} = {827E0CD3-B72D-47B6-A68D-7590B98EB39B}
		{08A4A637-29B4-45A7-A23C-8A871A1EEFAC} = {827E0CD3-B72D-47B6-A68D-7590B98EB39B}
		{51FF6358-4045-425A-9FA8-C753D43EFEB0} = {827E0CD3-B72D-47B6-A68D-7590B98EB39B}
		{DBEF4B6C-54D2-4AE6-8668-720E5CC8213E} = {827E0CD3-B72D-47B6-A68D-7590B98EB39B}
		{DFC6673F-2E92-41F5-91FA-461987C85123} = {827E0CD3-B72D-47B6-A68D-7590B98EB39B}
		{4CD561CA-EC73-4B93-A40C-C575AF34CFCF} = {827E0CD3-B72D-47B6-A68D-7590B98EB39B}
		{81D79372-2AD1-4A88-9FD6-666A9F312BC1} = {827E0CD3-B72D-47B6-A68D-7590B98EB39B}
		{9EB7A6B9-7FEB-4F2F-A483-D57A95AB9478} = {827E0CD3-B72D-47B6-A68D-7590B98EB39B}
		{5C8B39C1-0F84-4F17-A919-8593930A6653} = {B36A84DF-456D-A817-6EDD-3EC3E7F6E11F}
		{09F6FC5C-24E8-4FF8-BB6D-A2DBCEE7AFAA} = {B36A84DF-456D-A817-6EDD-3EC3E7F6E11F}
	EndGlobalSection
EndGlobal
