<Solution>
  <Configurations>
    <Platform Name="Any CPU" />
    <Platform Name="x64" />
    <Platform Name="x86" />
  </Configurations>
  <Folder Name="/examples/">
    <Project Path="examples/ExampleApp.AppHost/ExampleApp.AppHost.csproj" />
    <Project Path="examples/ExampleApp.LogGenerator/ExampleApp.LogGenerator.csproj" />
  </Folder>
  <Folder Name="/src/">
    <Project Path="src/Aspire.Flare/Aspire.Flare.csproj" />
    <Project Path="src/Aspire.Hosting.Flare/Aspire.Hosting.Flare.csproj" />
    <Project Path="src/Flare.Api.Tests/Flare.Api.Tests.csproj" />
    <Project Path="src/Flare.Api/Flare.Api.csproj" />
    <Project Path="src/Flare.AppHost/Flare.AppHost.csproj" />
    <Project Path="src/Flare.Identity.Tests/Flare.Identity.Tests.csproj" />
    <Project Path="src/Flare.Identity/Flare.Identity.csproj" />
    <Project Path="src/Flare.Ingest.Tests/Flare.Ingest.Tests.csproj" />
    <Project Path="src/Flare.Ingest/Flare.Ingest.csproj" />
    <Project Path="src/Flare.ServiceDefaults/Flare.ServiceDefaults.csproj" />
  </Folder>
</Solution>
